
Microsoft Visual Studio Solution File, Format Version 12.00
# Visual Studio 15
VisualStudioVersion = 15.0.28307.960
MinimumVisualStudioVersion = 10.0.40219.1
Project("{FAE04EC0-301F-11D3-BF4B-00C04F79EFBC}") = "eCATActivityTest", "eCATActivityTest\eCATActivityTest.csproj", "{B645F2B7-1750-41F7-B8C5-F2C57B95AB37}"
EndProject
Global
	GlobalSection(SolutionConfigurationPlatforms) = preSolution
		Debug|Any CPU = Debug|Any CPU
		Release|Any CPU = Release|Any CPU
	EndGlobalSection
	GlobalSection(ProjectConfigurationPlatforms) = postSolution
		{B645F2B7-1750-41F7-B8C5-F2C57B95AB37}.Debug|Any CPU.ActiveCfg = Debug|Any CPU
		{B645F2B7-1750-41F7-B8C5-F2C57B95AB37}.Debug|Any CPU.Build.0 = Debug|Any CPU
		{B645F2B7-1750-41F7-B8C5-F2C57B95AB37}.Release|Any CPU.ActiveCfg = Release|Any CPU
		{B645F2B7-1750-41F7-B8C5-F2C57B95AB37}.Release|Any CPU.Build.0 = Release|Any CPU
	EndGlobalSection
	GlobalSection(SolutionProperties) = preSolution
		HideSolutionNode = FALSE
	EndGlobalSection
	GlobalSection(ExtensibilityGlobals) = postSolution
		SolutionGuid = {F468DC14-0EEC-41C9-B5B9-8FFF454893D6}
	EndGlobalSection
EndGlobal
